
Microsoft Visual Studio Solution File, Format Version 12.00
# Visual Studio Version 17
VisualStudioVersion = 17.6.33829.357
MinimumVisualStudioVersion = 10.0.40219.1
Project("{2150E333-8FDC-42A3-9474-1A3956D46DE8}") = "Source", "Source", "{E38D1CD1-B8E2-41A6-8689-0FA1456C0F7B}"
EndProject
Project("{FAE04EC0-301F-11D3-BF4B-00C04F79EFBC}") = "DiscordBot", "Source\DiscordBot\DiscordBot.csproj", "{D46C899E-0158-4556-A957-0E8D7D982FF1}"
EndProject
Global
	GlobalSection(SolutionConfigurationPlatforms) = preSolution
		Debug|Any CPU = Debug|Any CPU
		Release|Any CPU = Release|Any CPU
	EndGlobalSection
	GlobalSection(ProjectConfigurationPlatforms) = postSolution
		{D46C899E-0158-4556-A957-0E8D7D982FF1}.Debug|Any CPU.ActiveCfg = Debug|Any CPU
		{D46C899E-0158-4556-A957-0E8D7D982FF1}.Debug|Any CPU.Build.0 = Debug|Any CPU
		{D46C899E-0158-4556-A957-0E8D7D982FF1}.Release|Any CPU.ActiveCfg = Release|Any CPU
		{D46C899E-0158-4556-A957-0E8D7D982FF1}.Release|Any CPU.Build.0 = Release|Any CPU
	EndGlobalSection
	GlobalSection(SolutionProperties) = preSolution
		HideSolutionNode = FALSE
	EndGlobalSection
	GlobalSection(NestedProjects) = preSolution
		{D46C899E-0158-4556-A957-0E8D7D982FF1} = {E38D1CD1-B8E2-41A6-8689-0FA1456C0F7B}
	EndGlobalSection
	GlobalSection(ExtensibilityGlobals) = postSolution
		SolutionGuid = {B70B3046-F5EC-4877-BE48-8470677ADA0E}
	EndGlobalSection
EndGlobal
